
Microsoft Visual Studio Solution File, Format Version 12.00
Project("{FAE04EC0-301F-11D3-BF4B-00C04F79EFBC}") = "WayForPay", "WayForPay\WayForPay.csproj", "{63E11F4C-483F-49DD-A9F6-F05A690952F5}"
EndProject
Project("{FAE04EC0-301F-11D3-BF4B-00C04F79EFBC}") = "ExampleMVC", "Examples\ExampleMVC\ExampleMVC.csproj", "{6211BFBD-C2FA-41FC-8A63-1120E89136BB}"
EndProject
Global
	GlobalSection(SolutionConfigurationPlatforms) = preSolution
		Debug|Any CPU = Debug|Any CPU
		Release|Any CPU = Release|Any CPU
	EndGlobalSection
	GlobalSection(ProjectConfigurationPlatforms) = postSolution
		{63E11F4C-483F-49DD-A9F6-F05A690952F5}.Debug|Any CPU.ActiveCfg = Debug|Any CPU
		{63E11F4C-483F-49DD-A9F6-F05A690952F5}.Debug|Any CPU.Build.0 = Debug|Any CPU
		{63E11F4C-483F-49DD-A9F6-F05A690952F5}.Release|Any CPU.ActiveCfg = Release|Any CPU
		{63E11F4C-483F-49DD-A9F6-F05A690952F5}.Release|Any CPU.Build.0 = Release|Any CPU
		{6211BFBD-C2FA-41FC-8A63-1120E89136BB}.Debug|Any CPU.ActiveCfg = Debug|Any CPU
		{6211BFBD-C2FA-41FC-8A63-1120E89136BB}.Debug|Any CPU.Build.0 = Debug|Any CPU
		{6211BFBD-C2FA-41FC-8A63-1120E89136BB}.Release|Any CPU.ActiveCfg = Release|Any CPU
		{6211BFBD-C2FA-41FC-8A63-1120E89136BB}.Release|Any CPU.Build.0 = Release|Any CPU
	EndGlobalSection
EndGlobal
